// !$*UTF8*$!
{
	archiveVersion = 1;
	classes = {
	};
	objectVersion = 50;
	objects = {

/* Begin PBXBuildFile section */
		3386685B236314790071A2C8 /* ALocalAuthenticationUnitTesting.swift in Sources */ = {isa = PBXBuildFile; fileRef = 3386685A236314790071A2C8 /* ALocalAuthenticationUnitTesting.swift */; };
		3386685D236314790071A2C8 /* ALocalAuthentication.framework in Frameworks */ = {isa = PBXBuildFile; fileRef = C54E570722BB860D00BFC08A /* ALocalAuthentication.framework */; };
		C54E570C22BB860D00BFC08A /* ALocalAuthentication.h in Headers */ = {isa = PBXBuildFile; fileRef = C54E570A22BB860D00BFC08A /* ALocalAuthentication.h */; settings = {ATTRIBUTES = (Public, ); }; };
		C54E571722BB861C00BFC08A /* ALAAuthentication.swift in Sources */ = {isa = PBXBuildFile; fileRef = C54E571322BB861C00BFC08A /* ALAAuthentication.swift */; };
		C54E571822BB861C00BFC08A /* ALADefaultAuthentication.swift in Sources */ = {isa = PBXBuildFile; fileRef = C54E571422BB861C00BFC08A /* ALADefaultAuthentication.swift */; };
/* End PBXBuildFile section */

/* Begin PBXContainerItemProxy section */
		3386685E236314790071A2C8 /* PBXContainerItemProxy */ = {
			isa = PBXContainerItemProxy;
			containerPortal = C54E56FE22BB860D00BFC08A /* Project object */;
			proxyType = 1;
			remoteGlobalIDString = C54E570622BB860D00BFC08A;
			remoteInfo = ALocalAuthentication;
		};
/* End PBXContainerItemProxy section */

/* Begin PBXFileReference section */
		33866858236314790071A2C8 /* ALocalAuthenticationUnitTesting.xctest */ = {isa = PBXFileReference; explicitFileType = wrapper.cfbundle; includeInIndex = 0; path = ALocalAuthenticationUnitTesting.xctest; sourceTree = BUILT_PRODUCTS_DIR; };
		3386685A236314790071A2C8 /* ALocalAuthenticationUnitTesting.swift */ = {isa = PBXFileReference; lastKnownFileType = sourcecode.swift; path = ALocalAuthenticationUnitTesting.swift; sourceTree = "<group>"; };
		3386685C236314790071A2C8 /* Info.plist */ = {isa = PBXFileReference; lastKnownFileType = text.plist.xml; path = Info.plist; sourceTree = "<group>"; };
		C54E570722BB860D00BFC08A /* ALocalAuthentication.framework */ = {isa = PBXFileReference; explicitFileType = wrapper.framework; includeInIndex = 0; path = ALocalAuthentication.framework; sourceTree = BUILT_PRODUCTS_DIR; };
		C54E570A22BB860D00BFC08A /* ALocalAuthentication.h */ = {isa = PBXFileReference; lastKnownFileType = sourcecode.c.h; path = ALocalAuthentication.h; sourceTree = "<group>"; };
		C54E570B22BB860D00BFC08A /* Info.plist */ = {isa = PBXFileReference; lastKnownFileType = text.plist.xml; path = Info.plist; sourceTree = "<group>"; };
		C54E571322BB861C00BFC08A /* ALAAuthentication.swift */ = {isa = PBXFileReference; fileEncoding = 4; lastKnownFileType = sourcecode.swift; path = ALAAuthentication.swift; sourceTree = "<group>"; };
		C54E571422BB861C00BFC08A /* ALADefaultAuthentication.swift */ = {isa = PBXFileReference; fileEncoding = 4; lastKnownFileType = sourcecode.swift; path = ALADefaultAuthentication.swift; sourceTree = "<group>"; };
/* End PBXFileReference section */

/* Begin PBXFrameworksBuildPhase section */
		33866855236314790071A2C8 /* Frameworks */ = {
			isa = PBXFrameworksBuildPhase;
			buildActionMask = 2147483647;
			files = (
				3386685D236314790071A2C8 /* ALocalAuthentication.framework in Frameworks */,
			);
			runOnlyForDeploymentPostprocessing = 0;
		};
		C54E570422BB860D00BFC08A /* Frameworks */ = {
			isa = PBXFrameworksBuildPhase;
			buildActionMask = 2147483647;
			files = (
			);
			runOnlyForDeploymentPostprocessing = 0;
		};
/* End PBXFrameworksBuildPhase section */

/* Begin PBXGroup section */
		33866859236314790071A2C8 /* ALocalAuthenticationUnitTesting */ = {
			isa = PBXGroup;
			children = (
				3386685A236314790071A2C8 /* ALocalAuthenticationUnitTesting.swift */,
				3386685C236314790071A2C8 /* Info.plist */,
			);
			path = ALocalAuthenticationUnitTesting;
			sourceTree = "<group>";
		};
		C54E56FD22BB860D00BFC08A = {
			isa = PBXGroup;
			children = (
				C54E570922BB860D00BFC08A /* ALocalAuthentication */,
				33866859236314790071A2C8 /* ALocalAuthenticationUnitTesting */,
				C54E570822BB860D00BFC08A /* Products */,
			);
			sourceTree = "<group>";
		};
		C54E570822BB860D00BFC08A /* Products */ = {
			isa = PBXGroup;
			children = (
				C54E570722BB860D00BFC08A /* ALocalAuthentication.framework */,
				33866858236314790071A2C8 /* ALocalAuthenticationUnitTesting.xctest */,
			);
			name = Products;
			sourceTree = "<group>";
		};
		C54E570922BB860D00BFC08A /* ALocalAuthentication */ = {
			isa = PBXGroup;
			children = (
				C54E571322BB861C00BFC08A /* ALAAuthentication.swift */,
				C54E571422BB861C00BFC08A /* ALADefaultAuthentication.swift */,
				C54E570A22BB860D00BFC08A /* ALocalAuthentication.h */,
				C54E570B22BB860D00BFC08A /* Info.plist */,
			);
			path = ALocalAuthentication;
			sourceTree = "<group>";
		};
/* End PBXGroup section */

/* Begin PBXHeadersBuildPhase section */
		C54E570222BB860D00BFC08A /* Headers */ = {
			isa = PBXHeadersBuildPhase;
			buildActionMask = 2147483647;
			files = (
				C54E570C22BB860D00BFC08A /* ALocalAuthentication.h in Headers */,
			);
			runOnlyForDeploymentPostprocessing = 0;
		};
/* End PBXHeadersBuildPhase section */

/* Begin PBXNativeTarget section */
		33866857236314790071A2C8 /* ALocalAuthenticationUnitTesting */ = {
			isa = PBXNativeTarget;
			buildConfigurationList = 33866862236314790071A2C8 /* Build configuration list for PBXNativeTarget "ALocalAuthenticationUnitTesting" */;
			buildPhases = (
				33866854236314790071A2C8 /* Sources */,
				33866855236314790071A2C8 /* Frameworks */,
				33866856236314790071A2C8 /* Resources */,
			);
			buildRules = (
			);
			dependencies = (
				3386685F236314790071A2C8 /* PBXTargetDependency */,
			);
			name = ALocalAuthenticationUnitTesting;
			productName = ALocalAuthenticationUnitTesting;
			productReference = 33866858236314790071A2C8 /* ALocalAuthenticationUnitTesting.xctest */;
			productType = "com.apple.product-type.bundle.unit-test";
		};
		C54E570622BB860D00BFC08A /* ALocalAuthentication */ = {
			isa = PBXNativeTarget;
			buildConfigurationList = C54E570F22BB860D00BFC08A /* Build configuration list for PBXNativeTarget "ALocalAuthentication" */;
			buildPhases = (
				C54E570222BB860D00BFC08A /* Headers */,
				C54E570322BB860D00BFC08A /* Sources */,
				C54E570422BB860D00BFC08A /* Frameworks */,
				C54E570522BB860D00BFC08A /* Resources */,
			);
			buildRules = (
			);
			dependencies = (
			);
			name = ALocalAuthentication;
			productName = ALocalAuthentication;
			productReference = C54E570722BB860D00BFC08A /* ALocalAuthentication.framework */;
			productType = "com.apple.product-type.framework";
		};
/* End PBXNativeTarget section */

/* Begin PBXProject section */
		C54E56FE22BB860D00BFC08A /* Project object */ = {
			isa = PBXProject;
			attributes = {
				LastSwiftUpdateCheck = 1110;
				LastUpgradeCheck = 1020;
				ORGANIZATIONNAME = "Ihor Myroniuk";
				TargetAttributes = {
					33866857236314790071A2C8 = {
						CreatedOnToolsVersion = 11.1;
					};
					C54E570622BB860D00BFC08A = {
						CreatedOnToolsVersion = 10.2.1;
						LastSwiftMigration = 1020;
					};
				};
			};
			buildConfigurationList = C54E570122BB860D00BFC08A /* Build configuration list for PBXProject "ALocalAuthentication" */;
			compatibilityVersion = "Xcode 9.3";
			developmentRegion = en;
			hasScannedForEncodings = 0;
			knownRegions = (
				en,
				Base,
			);
			mainGroup = C54E56FD22BB860D00BFC08A;
			productRefGroup = C54E570822BB860D00BFC08A /* Products */;
			projectDirPath = "";
			projectRoot = "";
			targets = (
				C54E570622BB860D00BFC08A /* ALocalAuthentication */,
				33866857236314790071A2C8 /* ALocalAuthenticationUnitTesting */,
			);
		};
/* End PBXProject section */

/* Begin PBXResourcesBuildPhase section */
		33866856236314790071A2C8 /* Resources */ = {
			isa = PBXResourcesBuildPhase;
			buildActionMask = 2147483647;
			files = (
			);
			runOnlyForDeploymentPostprocessing = 0;
		};
		C54E570522BB860D00BFC08A /* Resources */ = {
			isa = PBXResourcesBuildPhase;
			buildActionMask = 2147483647;
			files = (
			);
			runOnlyForDeploymentPostprocessing = 0;
		};
/* End PBXResourcesBuildPhase section */

/* Begin PBXSourcesBuildPhase section */
		33866854236314790071A2C8 /* Sources */ = {
			isa = PBXSourcesBuildPhase;
			buildActionMask = 2147483647;
			files = (
				3386685B236314790071A2C8 /* ALocalAuthenticationUnitTesting.swift in Sources */,
			);
			runOnlyForDeploymentPostprocessing = 0;
		};
		C54E570322BB860D00BFC08A /* Sources */ = {
			isa = PBXSourcesBuildPhase;
			buildActionMask = 2147483647;
			files = (
				C54E571722BB861C00BFC08A /* ALAAuthentication.swift in Sources */,
				C54E571822BB861C00BFC08A /* ALADefaultAuthentication.swift in Sources */,
			);
			runOnlyForDeploymentPostprocessing = 0;
		};
/* End PBXSourcesBuildPhase section */

/* Begin PBXTargetDependency section */
		3386685F236314790071A2C8 /* PBXTargetDependency */ = {
			isa = PBXTargetDependency;
			target = C54E570622BB860D00BFC08A /* ALocalAuthentication */;
			targetProxy = 3386685E236314790071A2C8 /* PBXContainerItemProxy */;
		};
/* End PBXTargetDependency section */

/* Begin XCBuildConfiguration section */
		33866860236314790071A2C8 /* Debug */ = {
			isa = XCBuildConfiguration;
			buildSettings = {
				CODE_SIGN_STYLE = Automatic;
				DEVELOPMENT_TEAM = M4U9YFW795;
				INFOPLIST_FILE = ALocalAuthenticationUnitTesting/Info.plist;
				IPHONEOS_DEPLOYMENT_TARGET = 10.0;
				LD_RUNPATH_SEARCH_PATHS = (
					"$(inherited)",
					"@executable_path/Frameworks",
					"@loader_path/Frameworks",
				);
				PRODUCT_BUNDLE_IDENTIFIER = me.ihormyroniuk.ALocalAuthenticationUnitTesting;
				PRODUCT_NAME = "$(TARGET_NAME)";
				SWIFT_VERSION = 5.0;
				TARGETED_DEVICE_FAMILY = "1,2";
			};
			name = Debug;
		};
		33866861236314790071A2C8 /* Release */ = {
			isa = XCBuildConfiguration;
			buildSettings = {
				CODE_SIGN_STYLE = Automatic;
				DEVELOPMENT_TEAM = M4U9YFW795;
				INFOPLIST_FILE = ALocalAuthenticationUnitTesting/Info.plist;
				IPHONEOS_DEPLOYMENT_TARGET = 10.0;
				LD_RUNPATH_SEARCH_PATHS = (
					"$(inherited)",
					"@executable_path/Frameworks",
					"@loader_path/Frameworks",
				);
				PRODUCT_BUNDLE_IDENTIFIER = me.ihormyroniuk.ALocalAuthenticationUnitTesting;
				PRODUCT_NAME = "$(TARGET_NAME)";
				SWIFT_VERSION = 5.0;
				TARGETED_DEVICE_FAMILY = "1,2";
			};
			name = Release;
		};
		C54E570D22BB860D00BFC08A /* Debug */ = {
			isa = XCBuildConfiguration;
			buildSettings = {
				ALWAYS_SEARCH_USER_PATHS = NO;
				CLANG_ANALYZER_NONNULL = YES;
				CLANG_ANALYZER_NUMBER_OBJECT_CONVERSION = YES_AGGRESSIVE;
				CLANG_CXX_LANGUAGE_STANDARD = "gnu++14";
				CLANG_CXX_LIBRARY = "libc++";
				CLANG_ENABLE_MODULES = YES;
				CLANG_ENABLE_OBJC_ARC = YES;
				CLANG_ENABLE_OBJC_WEAK = YES;
				CLANG_WARN_BLOCK_CAPTURE_AUTORELEASING = YES;
				CLANG_WARN_BOOL_CONVERSION = YES;
				CLANG_WARN_COMMA = YES;
				CLANG_WARN_CONSTANT_CONVERSION = YES;
				CLANG_WARN_DEPRECATED_OBJC_IMPLEMENTATIONS = YES;
				CLANG_WARN_DIRECT_OBJC_ISA_USAGE = YES_ERROR;
				CLANG_WARN_DOCUMENTATION_COMMENTS = YES;
				CLANG_WARN_EMPTY_BODY = YES;
				CLANG_WARN_ENUM_CONVERSION = YES;
				CLANG_WARN_INFINITE_RECURSION = YES;
				CLANG_WARN_INT_CONVERSION = YES;
				CLANG_WARN_NON_LITERAL_NULL_CONVERSION = YES;
				CLANG_WARN_OBJC_IMPLICIT_RETAIN_SELF = YES;
				CLANG_WARN_OBJC_LITERAL_CONVERSION = YES;
				CLANG_WARN_OBJC_ROOT_CLASS = YES_ERROR;
				CLANG_WARN_RANGE_LOOP_ANALYSIS = YES;
				CLANG_WARN_STRICT_PROTOTYPES = YES;
				CLANG_WARN_SUSPICIOUS_MOVE = YES;
				CLANG_WARN_UNGUARDED_AVAILABILITY = YES_AGGRESSIVE;
				CLANG_WARN_UNREACHABLE_CODE = YES;
				CLANG_WARN__DUPLICATE_METHOD_MATCH = YES;
				CODE_SIGN_IDENTITY = "iPhone Developer";
				COPY_PHASE_STRIP = NO;
				CURRENT_PROJECT_VERSION = 1;
				DEBUG_INFORMATION_FORMAT = dwarf;
				ENABLE_STRICT_OBJC_MSGSEND = YES;
				ENABLE_TESTABILITY = YES;
				GCC_C_LANGUAGE_STANDARD = gnu11;
				GCC_DYNAMIC_NO_PIC = NO;
				GCC_NO_COMMON_BLOCKS = YES;
				GCC_OPTIMIZATION_LEVEL = 0;
				GCC_PREPROCESSOR_DEFINITIONS = (
					"DEBUG=1",
					"$(inherited)",
				);
				GCC_WARN_64_TO_32_BIT_CONVERSION = YES;
				GCC_WARN_ABOUT_RETURN_TYPE = YES_ERROR;
				GCC_WARN_UNDECLARED_SELECTOR = YES;
				GCC_WARN_UNINITIALIZED_AUTOS = YES_AGGRESSIVE;
				GCC_WARN_UNUSED_FUNCTION = YES;
				GCC_WARN_UNUSED_VARIABLE = YES;
				IPHONEOS_DEPLOYMENT_TARGET = 10.0;
				MTL_ENABLE_DEBUG_INFO = INCLUDE_SOURCE;
				MTL_FAST_MATH = YES;
				ONLY_ACTIVE_ARCH = YES;
				SDKROOT = iphoneos;
				SWIFT_ACTIVE_COMPILATION_CONDITIONS = DEBUG;
				SWIFT_OPTIMIZATION_LEVEL = "-Onone";
				VERSIONING_SYSTEM = "apple-generic";
				VERSION_INFO_PREFIX = "";
			};
			name = Debug;
		};
		C54E570E22BB860D00BFC08A /* Release */ = {
			isa = XCBuildConfiguration;
			buildSettings = {
				ALWAYS_SEARCH_USER_PATHS = NO;
				CLANG_ANALYZER_NONNULL = YES;
				CLANG_ANALYZER_NUMBER_OBJECT_CONVERSION = YES_AGGRESSIVE;
				CLANG_CXX_LANGUAGE_STANDARD = "gnu++14";
				CLANG_CXX_LIBRARY = "libc++";
				CLANG_ENABLE_MODULES = YES;
				CLANG_ENABLE_OBJC_ARC = YES;
				CLANG_ENABLE_OBJC_WEAK = YES;
				CLANG_WARN_BLOCK_CAPTURE_AUTORELEASING = YES;
				CLANG_WARN_BOOL_CONVERSION = YES;
				CLANG_WARN_COMMA = YES;
				CLANG_WARN_CONSTANT_CONVERSION = YES;
				CLANG_WARN_DEPRECATED_OBJC_IMPLEMENTATIONS = YES;
				CLANG_WARN_DIRECT_OBJC_ISA_USAGE = YES_ERROR;
				CLANG_WARN_DOCUMENTATION_COMMENTS = YES;
				CLANG_WARN_EMPTY_BODY = YES;
				CLANG_WARN_ENUM_CONVERSION = YES;
				CLANG_WARN_INFINITE_RECURSION = YES;
				CLANG_WARN_INT_CONVERSION = YES;
				CLANG_WARN_NON_LITERAL_NULL_CONVERSION = YES;
				CLANG_WARN_OBJC_IMPLICIT_RETAIN_SELF = YES;
				CLANG_WARN_OBJC_LITERAL_CONVERSION = YES;
				CLANG_WARN_OBJC_ROOT_CLASS = YES_ERROR;
				CLANG_WARN_RANGE_LOOP_ANALYSIS = YES;
				CLANG_WARN_STRICT_PROTOTYPES = YES;
				CLANG_WARN_SUSPICIOUS_MOVE = YES;
				CLANG_WARN_UNGUARDED_AVAILABILITY = YES_AGGRESSIVE;
				CLANG_WARN_UNREACHABLE_CODE = YES;
				CLANG_WARN__DUPLICATE_METHOD_MATCH = YES;
				CODE_SIGN_IDENTITY = "iPhone Developer";
				COPY_PHASE_STRIP = NO;
				CURRENT_PROJECT_VERSION = 1;
				DEBUG_INFORMATION_FORMAT = "dwarf-with-dsym";
				ENABLE_NS_ASSERTIONS = NO;
				ENABLE_STRICT_OBJC_MSGSEND = YES;
				GCC_C_LANGUAGE_STANDARD = gnu11;
				GCC_NO_COMMON_BLOCKS = YES;
				GCC_WARN_64_TO_32_BIT_CONVERSION = YES;
				GCC_WARN_ABOUT_RETURN_TYPE = YES_ERROR;
				GCC_WARN_UNDECLARED_SELECTOR = YES;
				GCC_WARN_UNINITIALIZED_AUTOS = YES_AGGRESSIVE;
				GCC_WARN_UNUSED_FUNCTION = YES;
				GCC_WARN_UNUSED_VARIABLE = YES;
				IPHONEOS_DEPLOYMENT_TARGET = 10.0;
				MTL_ENABLE_DEBUG_INFO = NO;
				MTL_FAST_MATH = YES;
				SDKROOT = iphoneos;
				SWIFT_COMPILATION_MODE = wholemodule;
				SWIFT_OPTIMIZATION_LEVEL = "-O";
				VALIDATE_PRODUCT = YES;
				VERSIONING_SYSTEM = "apple-generic";
				VERSION_INFO_PREFIX = "";
			};
			name = Release;
		};
		C54E571022BB860D00BFC08A /* Debug */ = {
			isa = XCBuildConfiguration;
			buildSettings = {
				CLANG_ENABLE_MODULES = YES;
				CODE_SIGN_IDENTITY = "";
				CODE_SIGN_STYLE = Automatic;
				DEFINES_MODULE = YES;
				DEVELOPMENT_TEAM = M4U9YFW795;
				DYLIB_COMPATIBILITY_VERSION = 1;
				DYLIB_CURRENT_VERSION = 1;
				DYLIB_INSTALL_NAME_BASE = "@rpath";
				INFOPLIST_FILE = ALocalAuthentication/Info.plist;
				INSTALL_PATH = "$(LOCAL_LIBRARY_DIR)/Frameworks";
				IPHONEOS_DEPLOYMENT_TARGET = 10.0;
				LD_RUNPATH_SEARCH_PATHS = (
					"$(inherited)",
					"@executable_path/Frameworks",
					"@loader_path/Frameworks",
				);
				PRODUCT_BUNDLE_IDENTIFIER = me.ihormyroniuk.ALocalAuthentication;
				PRODUCT_NAME = "$(TARGET_NAME:c99extidentifier)";
				SKIP_INSTALL = YES;
				SWIFT_OPTIMIZATION_LEVEL = "-Onone";
				SWIFT_VERSION = 5.0;
				TARGETED_DEVICE_FAMILY = "1,2";
			};
			name = Debug;
		};
		C54E571122BB860D00BFC08A /* Release */ = {
			isa = XCBuildConfiguration;
			buildSettings = {
				CLANG_ENABLE_MODULES = YES;
				CODE_SIGN_IDENTITY = "";
				CODE_SIGN_STYLE = Automatic;
				DEFINES_MODULE = YES;
				DEVELOPMENT_TEAM = M4U9YFW795;
				DYLIB_COMPATIBILITY_VERSION = 1;
				DYLIB_CURRENT_VERSION = 1;
				DYLIB_INSTALL_NAME_BASE = "@rpath";
				INFOPLIST_FILE = ALocalAuthentication/Info.plist;
				INSTALL_PATH = "$(LOCAL_LIBRARY_DIR)/Frameworks";
				IPHONEOS_DEPLOYMENT_TARGET = 10.0;
				LD_RUNPATH_SEARCH_PATHS = (
					"$(inherited)",
					"@executable_path/Frameworks",
					"@loader_path/Frameworks",
				);
				PRODUCT_BUNDLE_IDENTIFIER = me.ihormyroniuk.ALocalAuthentication;
				PRODUCT_NAME = "$(TARGET_NAME:c99extidentifier)";
				SKIP_INSTALL = YES;
				SWIFT_VERSION = 5.0;
				TARGETED_DEVICE_FAMILY = "1,2";
			};
			name = Release;
		};
/* End XCBuildConfiguration section */

/* Begin XCConfigurationList section */
		33866862236314790071A2C8 /* Build configuration list for PBXNativeTarget "ALocalAuthenticationUnitTesting" */ = {
			isa = XCConfigurationList;
			buildConfigurations = (
				33866860236314790071A2C8 /* Debug */,
				33866861236314790071A2C8 /* Release */,
			);
			defaultConfigurationIsVisible = 0;
			defaultConfigurationName = Release;
		};
		C54E570122BB860D00BFC08A /* Build configuration list for PBXProject "ALocalAuthentication" */ = {
			isa = XCConfigurationList;
			buildConfigurations = (
				C54E570D22BB860D00BFC08A /* Debug */,
				C54E570E22BB860D00BFC08A /* Release */,
			);
			defaultConfigurationIsVisible = 0;
			defaultConfigurationName = Release;
		};
		C54E570F22BB860D00BFC08A /* Build configuration list for PBXNativeTarget "ALocalAuthentication" */ = {
			isa = XCConfigurationList;
			buildConfigurations = (
				C54E571022BB860D00BFC08A /* Debug */,
				C54E571122BB860D00BFC08A /* Release */,
			);
			defaultConfigurationIsVisible = 0;
			defaultConfigurationName = Release;
		};
/* End XCConfigurationList section */
	};
	rootObject = C54E56FE22BB860D00BFC08A /* Project object */;
}
